
Microsoft Visual Studio Solution File, Format Version 12.00
# Visual Studio Version 17
VisualStudioVersion = 17.11.35327.3
MinimumVisualStudioVersion = 10.0.40219.1
Project("{FAE04EC0-301F-11D3-BF4B-00C04F79EFBC}") = "TechnicoApplication", "TechnicoApplication.csproj", "{52535648-0661-4D64-93AE-4D9A32EF3949}"
EndProject
Global
	GlobalSection(SolutionConfigurationPlatforms) = preSolution
		Debug|Any CPU = Debug|Any CPU
		Release|Any CPU = Release|Any CPU
	EndGlobalSection
	GlobalSection(ProjectConfigurationPlatforms) = postSolution
		{52535648-0661-4D64-93AE-4D9A32EF3949}.Debug|Any CPU.ActiveCfg = Debug|Any CPU
		{52535648-0661-4D64-93AE-4D9A32EF3949}.Debug|Any CPU.Build.0 = Debug|Any CPU
		{52535648-0661-4D64-93AE-4D9A32EF3949}.Release|Any CPU.ActiveCfg = Release|Any CPU
		{52535648-0661-4D64-93AE-4D9A32EF3949}.Release|Any CPU.Build.0 = Release|Any CPU
	EndGlobalSection
	GlobalSection(SolutionProperties) = preSolution
		HideSolutionNode = FALSE
	EndGlobalSection
	GlobalSection(ExtensibilityGlobals) = postSolution
		SolutionGuid = {501FDC27-7B15-4FDA-9FBA-48CE9972CBE8}
	EndGlobalSection
EndGlobal
